github.com/mroth/weightedrand/v2 v2.0.1 h1:zrEVDIaau/E4QLOKu02kpg8T8myweFlMGikIgbIdrRA=
github.com/mroth/weightedrand/v2 v2.0.1/go.mod h1:f2faGsfOGOwc1p94wzHKKZyTpcJUW7OJ/9U4yfiNAOU=
gonum.org/v1/gonum v0.13.0 h1:a0T3bh+7fhRyqeNbiC3qVHYmkiQgit3wnNan/2c0HMM=
gonum.org/v1/gonum v0.13.0/go.mod h1:/WPYRckkfWrhWefxyYTfrTtQR0KH4iyHNuzxqXAKyAU=
